
Microsoft Visual Studio Solution File, Format Version 12.00
# Visual Studio Version 16
VisualStudioVersion = 16.0.29418.71
MinimumVisualStudioVersion = 10.0.40219.1
Project("{FAE04EC0-301F-11D3-BF4B-00C04F79EFBC}") = "AuthorizationService", "AuthorizationService\AuthorizationService.csproj", "{DC8055CD-C6A4-478A-B3A3-C2F1E2A7EDE5}"
EndProject
Project("{FAE04EC0-301F-11D3-BF4B-00C04F79EFBC}") = "UserService", "UserService\UserService.csproj", "{C4146909-8193-4504-93D6-3566F156D4D5}"
EndProject
Project("{FAE04EC0-301F-11D3-BF4B-00C04F79EFBC}") = "NodeService", "NodeService\NodeService.csproj", "{8DE4FB11-BC3F-4928-BD4E-FDA0ACBECBBA}"
EndProject
Project("{FAE04EC0-301F-11D3-BF4B-00C04F79EFBC}") = "FilesService", "FilesService\FilesService.csproj", "{773D2187-3545-4CA8-A3C5-8DD54CD7E45C}"
EndProject
Global
	GlobalSection(SolutionConfigurationPlatforms) = preSolution
		Debug|Any CPU = Debug|Any CPU
		Release|Any CPU = Release|Any CPU
	EndGlobalSection
	GlobalSection(ProjectConfigurationPlatforms) = postSolution
		{DC8055CD-C6A4-478A-B3A3-C2F1E2A7EDE5}.Debug|Any CPU.ActiveCfg = Debug|Any CPU
		{DC8055CD-C6A4-478A-B3A3-C2F1E2A7EDE5}.Debug|Any CPU.Build.0 = Debug|Any CPU
		{DC8055CD-C6A4-478A-B3A3-C2F1E2A7EDE5}.Release|Any CPU.ActiveCfg = Release|Any CPU
		{DC8055CD-C6A4-478A-B3A3-C2F1E2A7EDE5}.Release|Any CPU.Build.0 = Release|Any CPU
		{C4146909-8193-4504-93D6-3566F156D4D5}.Debug|Any CPU.ActiveCfg = Debug|Any CPU
		{C4146909-8193-4504-93D6-3566F156D4D5}.Debug|Any CPU.Build.0 = Debug|Any CPU
		{C4146909-8193-4504-93D6-3566F156D4D5}.Release|Any CPU.ActiveCfg = Release|Any CPU
		{C4146909-8193-4504-93D6-3566F156D4D5}.Release|Any CPU.Build.0 = Release|Any CPU
		{8DE4FB11-BC3F-4928-BD4E-FDA0ACBECBBA}.Debug|Any CPU.ActiveCfg = Debug|Any CPU
		{8DE4FB11-BC3F-4928-BD4E-FDA0ACBECBBA}.Debug|Any CPU.Build.0 = Debug|Any CPU
		{8DE4FB11-BC3F-4928-BD4E-FDA0ACBECBBA}.Release|Any CPU.ActiveCfg = Release|Any CPU
		{8DE4FB11-BC3F-4928-BD4E-FDA0ACBECBBA}.Release|Any CPU.Build.0 = Release|Any CPU
		{773D2187-3545-4CA8-A3C5-8DD54CD7E45C}.Debug|Any CPU.ActiveCfg = Debug|Any CPU
		{773D2187-3545-4CA8-A3C5-8DD54CD7E45C}.Debug|Any CPU.Build.0 = Debug|Any CPU
		{773D2187-3545-4CA8-A3C5-8DD54CD7E45C}.Release|Any CPU.ActiveCfg = Release|Any CPU
		{773D2187-3545-4CA8-A3C5-8DD54CD7E45C}.Release|Any CPU.Build.0 = Release|Any CPU
	EndGlobalSection
	GlobalSection(SolutionProperties) = preSolution
		HideSolutionNode = FALSE
	EndGlobalSection
	GlobalSection(ExtensibilityGlobals) = postSolution
		SolutionGuid = {6B95DAAD-4274-4343-A58D-73B567AA4BA7}
	EndGlobalSection
EndGlobal
